
Microsoft Visual Studio Solution File, Format Version 12.00
# Visual Studio 2013
VisualStudioVersion = 12.0.21005.1
MinimumVisualStudioVersion = 10.0.40219.1
Project("{FAE04EC0-301F-11D3-BF4B-00C04F79EFBC}") = "Blog.QueryingMongoDb", "Blog.QueryingMongoDb\Blog.QueryingMongoDb.csproj", "{B133CFCE-2FB4-46AB-A3A8-C2692C724B07}"
EndProject
Project("{FAE04EC0-301F-11D3-BF4B-00C04F79EFBC}") = "Blog.QueryingMongoDb.Tests", "Blog.QueryingMongoDb.Tests\Blog.QueryingMongoDb.Tests.csproj", "{52CB0AB5-B1DA-46C0-AA59-694CF536843E}"
EndProject
Global
	GlobalSection(SolutionConfigurationPlatforms) = preSolution
		Debug|Any CPU = Debug|Any CPU
		Release|Any CPU = Release|Any CPU
	EndGlobalSection
	GlobalSection(ProjectConfigurationPlatforms) = postSolution
		{B133CFCE-2FB4-46AB-A3A8-C2692C724B07}.Debug|Any CPU.ActiveCfg = Debug|Any CPU
		{B133CFCE-2FB4-46AB-A3A8-C2692C724B07}.Debug|Any CPU.Build.0 = Debug|Any CPU
		{B133CFCE-2FB4-46AB-A3A8-C2692C724B07}.Release|Any CPU.ActiveCfg = Release|Any CPU
		{B133CFCE-2FB4-46AB-A3A8-C2692C724B07}.Release|Any CPU.Build.0 = Release|Any CPU
		{52CB0AB5-B1DA-46C0-AA59-694CF536843E}.Debug|Any CPU.ActiveCfg = Debug|Any CPU
		{52CB0AB5-B1DA-46C0-AA59-694CF536843E}.Debug|Any CPU.Build.0 = Debug|Any CPU
		{52CB0AB5-B1DA-46C0-AA59-694CF536843E}.Release|Any CPU.ActiveCfg = Release|Any CPU
		{52CB0AB5-B1DA-46C0-AA59-694CF536843E}.Release|Any CPU.Build.0 = Release|Any CPU
	EndGlobalSection
	GlobalSection(SolutionProperties) = preSolution
		HideSolutionNode = FALSE
	EndGlobalSection
EndGlobal
